
Microsoft Visual Studio Solution File, Format Version 12.00
# Visual Studio Version 16
VisualStudioVersion = 16.0.28803.452
MinimumVisualStudioVersion = 10.0.40219.1
Project("{FAE04EC0-301F-11D3-BF4B-00C04F79EFBC}") = "Bit3rdSemester", "Bit3rdSemester.csproj", "{A3AA115A-3905-4F50-9478-DB71E2856ACF}"
EndProject
Global
	GlobalSection(SolutionConfigurationPlatforms) = preSolution
		Debug|Any CPU = Debug|Any CPU
		Release|Any CPU = Release|Any CPU
	EndGlobalSection
	GlobalSection(ProjectConfigurationPlatforms) = postSolution
		{A3AA115A-3905-4F50-9478-DB71E2856ACF}.Debug|Any CPU.ActiveCfg = Debug|Any CPU
		{A3AA115A-3905-4F50-9478-DB71E2856ACF}.Debug|Any CPU.Build.0 = Debug|Any CPU
		{A3AA115A-3905-4F50-9478-DB71E2856ACF}.Release|Any CPU.ActiveCfg = Release|Any CPU
		{A3AA115A-3905-4F50-9478-DB71E2856ACF}.Release|Any CPU.Build.0 = Release|Any CPU
	EndGlobalSection
	GlobalSection(SolutionProperties) = preSolution
		HideSolutionNode = FALSE
	EndGlobalSection
	GlobalSection(ExtensibilityGlobals) = postSolution
		SolutionGuid = {6B158FAC-0195-4735-94BB-005F89501C21}
	EndGlobalSection
EndGlobal
